// !$*UTF8*$!
{
	archiveVersion = 1;
	classes = {
	};
	objectVersion = 51;
	objects = {

/* Begin PBXBuildFile section */
		016E093F249E15AE8BFD6A39 /* Pods_Covid_19_Covid_19UITests.framework in Frameworks */ = {isa = PBXBuildFile; fileRef = E8143A1E563B3E65364CB289 /* Pods_Covid_19_Covid_19UITests.framework */; };
		56E7FC3F7F21DC3B33CC6EB6 /* Pods_Covid_19Tests.framework in Frameworks */ = {isa = PBXBuildFile; fileRef = 8B401530C830764916082CD4 /* Pods_Covid_19Tests.framework */; };
		9913CBFB24E32B1A00510114 /* DataSetResponseDTOTests.swift in Sources */ = {isa = PBXBuildFile; fileRef = 9913CBFA24E32B1A00510114 /* DataSetResponseDTOTests.swift */; };
		9913CBFF24E3334000510114 /* OwidDataManager.swift in Sources */ = {isa = PBXBuildFile; fileRef = 9913CBFE24E3334000510114 /* OwidDataManager.swift */; };
		9923621424791A8E009A7DAC /* FakeData.json in Resources */ = {isa = PBXBuildFile; fileRef = 9997A4422478165800FB50EF /* FakeData.json */; };
		9923621524791AB8009A7DAC /* FakeData.json in Resources */ = {isa = PBXBuildFile; fileRef = 9997A4422478165800FB50EF /* FakeData.json */; };
		9923621624791BD0009A7DAC /* FakeData.json in Resources */ = {isa = PBXBuildFile; fileRef = 9997A4422478165800FB50EF /* FakeData.json */; };
		9923910D2507D21300C68769 /* InfosAboutCovid.swift in Sources */ = {isa = PBXBuildFile; fileRef = 9923910C2507D21300C68769 /* InfosAboutCovid.swift */; };
		9923910F2507D7BC00C68769 /* DesignSystem+SymptomsCard.swift in Sources */ = {isa = PBXBuildFile; fileRef = 9923910E2507D7BC00C68769 /* DesignSystem+SymptomsCard.swift */; };
		9923A61F2469E50C009A1B6B /* AppDelegate.swift in Sources */ = {isa = PBXBuildFile; fileRef = 9923A61E2469E50C009A1B6B /* AppDelegate.swift */; };
		9923A6292469E50C009A1B6B /* Covid_19.xcdatamodeld in Sources */ = {isa = PBXBuildFile; fileRef = 9923A6272469E50C009A1B6B /* Covid_19.xcdatamodeld */; };
		9923A62B2469E512009A1B6B /* Assets.xcassets in Resources */ = {isa = PBXBuildFile; fileRef = 9923A62A2469E512009A1B6B /* Assets.xcassets */; };
		9923A6442469E513009A1B6B /* Covid_19UITests.swift in Sources */ = {isa = PBXBuildFile; fileRef = 9923A6432469E513009A1B6B /* Covid_19UITests.swift */; };
		9923A652246AD6A3009A1B6B /* README.md in Resources */ = {isa = PBXBuildFile; fileRef = 9923A651246AD6A3009A1B6B /* README.md */; };
		9931EA1524CA21E90096646D /* DesignSystem.swift in Sources */ = {isa = PBXBuildFile; fileRef = 9931EA1424CA21E90096646D /* DesignSystem.swift */; };
		9931EA1924CA223D0096646D /* DesignSystem+Title.swift in Sources */ = {isa = PBXBuildFile; fileRef = 9931EA1824CA223D0096646D /* DesignSystem+Title.swift */; };
		9931EA1B24CA2C130096646D /* DesignSystem+Button.swift in Sources */ = {isa = PBXBuildFile; fileRef = 9931EA1A24CA2C120096646D /* DesignSystem+Button.swift */; };
		9944F5D224770C1A000CD576 /* CaseUpdateTest.swift in Sources */ = {isa = PBXBuildFile; fileRef = 9944F5D124770C1A000CD576 /* CaseUpdateTest.swift */; };
		9944F5D524770D72000CD576 /* CaseUpdateModel.swift in Sources */ = {isa = PBXBuildFile; fileRef = 9944F5D424770D72000CD576 /* CaseUpdateModel.swift */; };
		9944F5DF24771114000CD576 /* TodaysDateService.swift in Sources */ = {isa = PBXBuildFile; fileRef = 9944F5DE24771114000CD576 /* TodaysDateService.swift */; };
		99767A6A24E315D00073D535 /* CovidResponseDTO.swift in Sources */ = {isa = PBXBuildFile; fileRef = 99767A6924E315D00073D535 /* CovidResponseDTO.swift */; };
		99767A6C24E316A00073D535 /* DataResponseDTO.swift in Sources */ = {isa = PBXBuildFile; fileRef = 99767A6B24E316A00073D535 /* DataResponseDTO.swift */; };
		99767A6E24E317ED0073D535 /* DataResponseDTOTests.swift in Sources */ = {isa = PBXBuildFile; fileRef = 99767A6D24E317ED0073D535 /* DataResponseDTOTests.swift */; };
		99767A7024E31D4B0073D535 /* CovidResponseDTOTests.swift in Sources */ = {isa = PBXBuildFile; fileRef = 99767A6F24E31D4B0073D535 /* CovidResponseDTOTests.swift */; };
		9984AEFE24FBEAED00CC0340 /* CaseUpdateView.swift in Sources */ = {isa = PBXBuildFile; fileRef = 9984AEFD24FBEAED00CC0340 /* CaseUpdateView.swift */; };
		9997A43C24771BD800FB50EF /* TodaysDateServiceTest.swift in Sources */ = {isa = PBXBuildFile; fileRef = 9997A43B24771BD800FB50EF /* TodaysDateServiceTest.swift */; };
		9997A43F247814DA00FB50EF /* DataManager.swift in Sources */ = {isa = PBXBuildFile; fileRef = 9997A43E247814DA00FB50EF /* DataManager.swift */; };
		9997A4412478156900FB50EF /* FakeLocalDataManager.swift in Sources */ = {isa = PBXBuildFile; fileRef = 9997A4402478156900FB50EF /* FakeLocalDataManager.swift */; };
		9997A44424781DFF00FB50EF /* FakeLocalDataManagerTest.swift in Sources */ = {isa = PBXBuildFile; fileRef = 9997A44324781DFF00FB50EF /* FakeLocalDataManagerTest.swift */; };
		99B9891C24FC242800406760 /* localData.json in Resources */ = {isa = PBXBuildFile; fileRef = 99B9891B24FC242800406760 /* localData.json */; };
		99BE59EB24FD7EAA005268CF /* NumberView.swift in Sources */ = {isa = PBXBuildFile; fileRef = 99BE59EA24FD7EAA005268CF /* NumberView.swift */; };
		99BE59ED24FD7EE0005268CF /* CircleCaseUpdateView.swift in Sources */ = {isa = PBXBuildFile; fileRef = 99BE59EC24FD7EE0005268CF /* CircleCaseUpdateView.swift */; };
		99BE59EF24FD8863005268CF /* SpreadOfVirusView.swift in Sources */ = {isa = PBXBuildFile; fileRef = 99BE59EE24FD8863005268CF /* SpreadOfVirusView.swift */; };
		99BE59F124FEA4F6005268CF /* TopImageBannerView.swift in Sources */ = {isa = PBXBuildFile; fileRef = 99BE59F024FEA4F6005268CF /* TopImageBannerView.swift */; };
		99BE59F324FEAD38005268CF /* CountryPickerView.swift in Sources */ = {isa = PBXBuildFile; fileRef = 99BE59F224FEAD38005268CF /* CountryPickerView.swift */; };
		99BE59F524FFDF43005268CF /* MainView.swift in Sources */ = {isa = PBXBuildFile; fileRef = 99BE59F424FFDF43005268CF /* MainView.swift */; };
		99C448F6247BD61800878DD4 /* .swiftlint.yml in Resources */ = {isa = PBXBuildFile; fileRef = 99C448F5247BD61800878DD4 /* .swiftlint.yml */; };
		99C448FA247C3F0000878DD4 /* SelectCountryService.swift in Sources */ = {isa = PBXBuildFile; fileRef = 99C448F9247C3F0000878DD4 /* SelectCountryService.swift */; };
		99C448FC247C599900878DD4 /* SelectCountryServiceTest.swift in Sources */ = {isa = PBXBuildFile; fileRef = 99C448FB247C599900878DD4 /* SelectCountryServiceTest.swift */; };
		99D0EC8924E8457A00E246A9 /* Launch Screen.storyboard in Resources */ = {isa = PBXBuildFile; fileRef = 99D0EC8824E8457A00E246A9 /* Launch Screen.storyboard */; };
		F931DF10D472F501CA457373 /* Pods_Covid_19.framework in Frameworks */ = {isa = PBXBuildFile; fileRef = F2C337F535182890AC499CA2 /* Pods_Covid_19.framework */; };
/* End PBXBuildFile section */

/* Begin PBXContainerItemProxy section */
		9923A6352469E512009A1B6B /* PBXContainerItemProxy */ = {
			isa = PBXContainerItemProxy;
			containerPortal = 9923A6132469E50C009A1B6B /* Project object */;
			proxyType = 1;
			remoteGlobalIDString = 9923A61A2469E50C009A1B6B;
			remoteInfo = "Covid-19";
		};
		9923A6402469E513009A1B6B /* PBXContainerItemProxy */ = {
			isa = PBXContainerItemProxy;
			containerPortal = 9923A6132469E50C009A1B6B /* Project object */;
			proxyType = 1;
			remoteGlobalIDString = 9923A61A2469E50C009A1B6B;
			remoteInfo = "Covid-19";
		};
/* End PBXContainerItemProxy section */

/* Begin PBXFileReference section */
		2664179D3353A4C2EF64EF95 /* Pods-Covid-19-Covid-19UITests.release.xcconfig */ = {isa = PBXFileReference; includeInIndex = 1; lastKnownFileType = text.xcconfig; name = "Pods-Covid-19-Covid-19UITests.release.xcconfig"; path = "Target Support Files/Pods-Covid-19-Covid-19UITests/Pods-Covid-19-Covid-19UITests.release.xcconfig"; sourceTree = "<group>"; };
		2F1428612025CC8AC47DEB64 /* Pods-Covid-19.release.xcconfig */ = {isa = PBXFileReference; includeInIndex = 1; lastKnownFileType = text.xcconfig; name = "Pods-Covid-19.release.xcconfig"; path = "Target Support Files/Pods-Covid-19/Pods-Covid-19.release.xcconfig"; sourceTree = "<group>"; };
		8B401530C830764916082CD4 /* Pods_Covid_19Tests.framework */ = {isa = PBXFileReference; explicitFileType = wrapper.framework; includeInIndex = 0; path = Pods_Covid_19Tests.framework; sourceTree = BUILT_PRODUCTS_DIR; };
		8E8EBEA3C35E847F340F95B7 /* Pods-Covid-19-Covid-19UITests.debug.xcconfig */ = {isa = PBXFileReference; includeInIndex = 1; lastKnownFileType = text.xcconfig; name = "Pods-Covid-19-Covid-19UITests.debug.xcconfig"; path = "Target Support Files/Pods-Covid-19-Covid-19UITests/Pods-Covid-19-Covid-19UITests.debug.xcconfig"; sourceTree = "<group>"; };
		9913CBFA24E32B1A00510114 /* DataSetResponseDTOTests.swift */ = {isa = PBXFileReference; lastKnownFileType = sourcecode.swift; path = DataSetResponseDTOTests.swift; sourceTree = "<group>"; };
		9913CBFE24E3334000510114 /* OwidDataManager.swift */ = {isa = PBXFileReference; lastKnownFileType = sourcecode.swift; path = OwidDataManager.swift; sourceTree = "<group>"; };
		9923910C2507D21300C68769 /* InfosAboutCovid.swift */ = {isa = PBXFileReference; lastKnownFileType = sourcecode.swift; path = InfosAboutCovid.swift; sourceTree = "<group>"; };
		9923910E2507D7BC00C68769 /* DesignSystem+SymptomsCard.swift */ = {isa = PBXFileReference; lastKnownFileType = sourcecode.swift; path = "DesignSystem+SymptomsCard.swift"; sourceTree = "<group>"; };
		9923A61B2469E50C009A1B6B /* Covid-19.app */ = {isa = PBXFileReference; explicitFileType = wrapper.application; includeInIndex = 0; path = "Covid-19.app"; sourceTree = BUILT_PRODUCTS_DIR; };
		9923A61E2469E50C009A1B6B /* AppDelegate.swift */ = {isa = PBXFileReference; lastKnownFileType = sourcecode.swift; path = AppDelegate.swift; sourceTree = "<group>"; };
		9923A6282469E50C009A1B6B /* Covid_19.xcdatamodel */ = {isa = PBXFileReference; lastKnownFileType = wrapper.xcdatamodel; path = Covid_19.xcdatamodel; sourceTree = "<group>"; };
		9923A62A2469E512009A1B6B /* Assets.xcassets */ = {isa = PBXFileReference; lastKnownFileType = folder.assetcatalog; path = Assets.xcassets; sourceTree = "<group>"; };
		9923A62F2469E512009A1B6B /* Info.plist */ = {isa = PBXFileReference; lastKnownFileType = text.plist.xml; path = Info.plist; sourceTree = "<group>"; };
		9923A6342469E512009A1B6B /* Covid-19Tests.xctest */ = {isa = PBXFileReference; explicitFileType = wrapper.cfbundle; includeInIndex = 0; path = "Covid-19Tests.xctest"; sourceTree = BUILT_PRODUCTS_DIR; };
		9923A63A2469E513009A1B6B /* Info.plist */ = {isa = PBXFileReference; lastKnownFileType = text.plist.xml; path = Info.plist; sourceTree = "<group>"; };
		9923A63F2469E513009A1B6B /* Covid-19UITests.xctest */ = {isa = PBXFileReference; explicitFileType = wrapper.cfbundle; includeInIndex = 0; path = "Covid-19UITests.xctest"; sourceTree = BUILT_PRODUCTS_DIR; };
		9923A6432469E513009A1B6B /* Covid_19UITests.swift */ = {isa = PBXFileReference; lastKnownFileType = sourcecode.swift; path = Covid_19UITests.swift; sourceTree = "<group>"; };
		9923A6452469E513009A1B6B /* Info.plist */ = {isa = PBXFileReference; lastKnownFileType = text.plist.xml; path = Info.plist; sourceTree = "<group>"; };
		9923A651246AD6A3009A1B6B /* README.md */ = {isa = PBXFileReference; lastKnownFileType = net.daringfireball.markdown; path = README.md; sourceTree = "<group>"; };
		9931EA1424CA21E90096646D /* DesignSystem.swift */ = {isa = PBXFileReference; lastKnownFileType = sourcecode.swift; path = DesignSystem.swift; sourceTree = "<group>"; };
		9931EA1824CA223D0096646D /* DesignSystem+Title.swift */ = {isa = PBXFileReference; lastKnownFileType = sourcecode.swift; path = "DesignSystem+Title.swift"; sourceTree = "<group>"; };
		9931EA1A24CA2C120096646D /* DesignSystem+Button.swift */ = {isa = PBXFileReference; lastKnownFileType = sourcecode.swift; path = "DesignSystem+Button.swift"; sourceTree = "<group>"; };
		9944F5D124770C1A000CD576 /* CaseUpdateTest.swift */ = {isa = PBXFileReference; lastKnownFileType = sourcecode.swift; path = CaseUpdateTest.swift; sourceTree = "<group>"; };
		9944F5D424770D72000CD576 /* CaseUpdateModel.swift */ = {isa = PBXFileReference; lastKnownFileType = sourcecode.swift; path = CaseUpdateModel.swift; sourceTree = "<group>"; };
		9944F5DE24771114000CD576 /* TodaysDateService.swift */ = {isa = PBXFileReference; lastKnownFileType = sourcecode.swift; path = TodaysDateService.swift; sourceTree = "<group>"; };
		99767A6924E315D00073D535 /* CovidResponseDTO.swift */ = {isa = PBXFileReference; lastKnownFileType = sourcecode.swift; path = CovidResponseDTO.swift; sourceTree = "<group>"; };
		99767A6B24E316A00073D535 /* DataResponseDTO.swift */ = {isa = PBXFileReference; lastKnownFileType = sourcecode.swift; path = DataResponseDTO.swift; sourceTree = "<group>"; };
		99767A6D24E317ED0073D535 /* DataResponseDTOTests.swift */ = {isa = PBXFileReference; lastKnownFileType = sourcecode.swift; path = DataResponseDTOTests.swift; sourceTree = "<group>"; };
		99767A6F24E31D4B0073D535 /* CovidResponseDTOTests.swift */ = {isa = PBXFileReference; lastKnownFileType = sourcecode.swift; path = CovidResponseDTOTests.swift; sourceTree = "<group>"; };
		9984AEFD24FBEAED00CC0340 /* CaseUpdateView.swift */ = {isa = PBXFileReference; lastKnownFileType = sourcecode.swift; path = CaseUpdateView.swift; sourceTree = "<group>"; };
		9997A43B24771BD800FB50EF /* TodaysDateServiceTest.swift */ = {isa = PBXFileReference; lastKnownFileType = sourcecode.swift; path = TodaysDateServiceTest.swift; sourceTree = "<group>"; };
		9997A43E247814DA00FB50EF /* DataManager.swift */ = {isa = PBXFileReference; lastKnownFileType = sourcecode.swift; path = DataManager.swift; sourceTree = "<group>"; };
		9997A4402478156900FB50EF /* FakeLocalDataManager.swift */ = {isa = PBXFileReference; lastKnownFileType = sourcecode.swift; path = FakeLocalDataManager.swift; sourceTree = "<group>"; };
		9997A4422478165800FB50EF /* FakeData.json */ = {isa = PBXFileReference; lastKnownFileType = text.json; path = FakeData.json; sourceTree = "<group>"; };
		9997A44324781DFF00FB50EF /* FakeLocalDataManagerTest.swift */ = {isa = PBXFileReference; lastKnownFileType = sourcecode.swift; path = FakeLocalDataManagerTest.swift; sourceTree = "<group>"; };
		99B9891B24FC242800406760 /* localData.json */ = {isa = PBXFileReference; fileEncoding = 4; lastKnownFileType = text.json; path = localData.json; sourceTree = "<group>"; };
		99BE59EA24FD7EAA005268CF /* NumberView.swift */ = {isa = PBXFileReference; lastKnownFileType = sourcecode.swift; path = NumberView.swift; sourceTree = "<group>"; };
		99BE59EC24FD7EE0005268CF /* CircleCaseUpdateView.swift */ = {isa = PBXFileReference; lastKnownFileType = sourcecode.swift; path = CircleCaseUpdateView.swift; sourceTree = "<group>"; };
		99BE59EE24FD8863005268CF /* SpreadOfVirusView.swift */ = {isa = PBXFileReference; lastKnownFileType = sourcecode.swift; path = SpreadOfVirusView.swift; sourceTree = "<group>"; };
		99BE59F024FEA4F6005268CF /* TopImageBannerView.swift */ = {isa = PBXFileReference; lastKnownFileType = sourcecode.swift; path = TopImageBannerView.swift; sourceTree = "<group>"; };
		99BE59F224FEAD38005268CF /* CountryPickerView.swift */ = {isa = PBXFileReference; lastKnownFileType = sourcecode.swift; path = CountryPickerView.swift; sourceTree = "<group>"; };
		99BE59F424FFDF43005268CF /* MainView.swift */ = {isa = PBXFileReference; lastKnownFileType = sourcecode.swift; path = MainView.swift; sourceTree = "<group>"; };
		99C448F5247BD61800878DD4 /* .swiftlint.yml */ = {isa = PBXFileReference; lastKnownFileType = text.yaml; path = .swiftlint.yml; sourceTree = "<group>"; };
		99C448F9247C3F0000878DD4 /* SelectCountryService.swift */ = {isa = PBXFileReference; lastKnownFileType = sourcecode.swift; path = SelectCountryService.swift; sourceTree = "<group>"; };
		99C448FB247C599900878DD4 /* SelectCountryServiceTest.swift */ = {isa = PBXFileReference; lastKnownFileType = sourcecode.swift; path = SelectCountryServiceTest.swift; sourceTree = "<group>"; };
		99D0EC8824E8457A00E246A9 /* Launch Screen.storyboard */ = {isa = PBXFileReference; lastKnownFileType = file.storyboard; path = "Launch Screen.storyboard"; sourceTree = "<group>"; };
		DF657AD1F19B39D0586988C8 /* Pods-Covid-19Tests.debug.xcconfig */ = {isa = PBXFileReference; includeInIndex = 1; lastKnownFileType = text.xcconfig; name = "Pods-Covid-19Tests.debug.xcconfig"; path = "Target Support Files/Pods-Covid-19Tests/Pods-Covid-19Tests.debug.xcconfig"; sourceTree = "<group>"; };
		E8143A1E563B3E65364CB289 /* Pods_Covid_19_Covid_19UITests.framework */ = {isa = PBXFileReference; explicitFileType = wrapper.framework; includeInIndex = 0; path = Pods_Covid_19_Covid_19UITests.framework; sourceTree = BUILT_PRODUCTS_DIR; };
		EE12212C7E8DF2146133BC7F /* Pods-Covid-19.debug.xcconfig */ = {isa = PBXFileReference; includeInIndex = 1; lastKnownFileType = text.xcconfig; name = "Pods-Covid-19.debug.xcconfig"; path = "Target Support Files/Pods-Covid-19/Pods-Covid-19.debug.xcconfig"; sourceTree = "<group>"; };
		F2C337F535182890AC499CA2 /* Pods_Covid_19.framework */ = {isa = PBXFileReference; explicitFileType = wrapper.framework; includeInIndex = 0; path = Pods_Covid_19.framework; sourceTree = BUILT_PRODUCTS_DIR; };
		F70AEA3EB8014C90F86B27C5 /* Pods-Covid-19Tests.release.xcconfig */ = {isa = PBXFileReference; includeInIndex = 1; lastKnownFileType = text.xcconfig; name = "Pods-Covid-19Tests.release.xcconfig"; path = "Target Support Files/Pods-Covid-19Tests/Pods-Covid-19Tests.release.xcconfig"; sourceTree = "<group>"; };
/* End PBXFileReference section */

/* Begin PBXFrameworksBuildPhase section */
		9923A6182469E50C009A1B6B /* Frameworks */ = {
			isa = PBXFrameworksBuildPhase;
			buildActionMask = 2147483647;
			files = (
				F931DF10D472F501CA457373 /* Pods_Covid_19.framework in Frameworks */,
			);
			runOnlyForDeploymentPostprocessing = 0;
		};
		9923A6312469E512009A1B6B /* Frameworks */ = {
			isa = PBXFrameworksBuildPhase;
			buildActionMask = 2147483647;
			files = (
				56E7FC3F7F21DC3B33CC6EB6 /* Pods_Covid_19Tests.framework in Frameworks */,
			);
			runOnlyForDeploymentPostprocessing = 0;
		};
		9923A63C2469E513009A1B6B /* Frameworks */ = {
			isa = PBXFrameworksBuildPhase;
			buildActionMask = 2147483647;
			files = (
				016E093F249E15AE8BFD6A39 /* Pods_Covid_19_Covid_19UITests.framework in Frameworks */,
			);
			runOnlyForDeploymentPostprocessing = 0;
		};
/* End PBXFrameworksBuildPhase section */

/* Begin PBXGroup section */
		1D9B345CA7BAD24CC5B0B430 /* Frameworks */ = {
			isa = PBXGroup;
			children = (
				F2C337F535182890AC499CA2 /* Pods_Covid_19.framework */,
				E8143A1E563B3E65364CB289 /* Pods_Covid_19_Covid_19UITests.framework */,
				8B401530C830764916082CD4 /* Pods_Covid_19Tests.framework */,
			);
			name = Frameworks;
			sourceTree = "<group>";
		};
		51CD1FBAA6561FDC4FE37522 /* Pods */ = {
			isa = PBXGroup;
			children = (
				EE12212C7E8DF2146133BC7F /* Pods-Covid-19.debug.xcconfig */,
				2F1428612025CC8AC47DEB64 /* Pods-Covid-19.release.xcconfig */,
				8E8EBEA3C35E847F340F95B7 /* Pods-Covid-19-Covid-19UITests.debug.xcconfig */,
				2664179D3353A4C2EF64EF95 /* Pods-Covid-19-Covid-19UITests.release.xcconfig */,
				DF657AD1F19B39D0586988C8 /* Pods-Covid-19Tests.debug.xcconfig */,
				F70AEA3EB8014C90F86B27C5 /* Pods-Covid-19Tests.release.xcconfig */,
			);
			path = Pods;
			sourceTree = "<group>";
		};
		9913CBFC24E32E6300510114 /* owid-covid-data */ = {
			isa = PBXGroup;
			children = (
				9913CBFD24E3331800510114 /* DTOs */,
				9913CBFE24E3334000510114 /* OwidDataManager.swift */,
				99B9891B24FC242800406760 /* localData.json */,
			);
			path = "owid-covid-data";
			sourceTree = "<group>";
		};
		9913CBFD24E3331800510114 /* DTOs */ = {
			isa = PBXGroup;
			children = (
				99767A6924E315D00073D535 /* CovidResponseDTO.swift */,
				99767A6B24E316A00073D535 /* DataResponseDTO.swift */,
			);
			path = DTOs;
			sourceTree = "<group>";
		};
		9923910B2507B20400C68769 /* Screens */ = {
			isa = PBXGroup;
			children = (
				99BE59F424FFDF43005268CF /* MainView.swift */,
				9923910C2507D21300C68769 /* InfosAboutCovid.swift */,
			);
			path = Screens;
			sourceTree = "<group>";
		};
		9923A6122469E50C009A1B6B = {
			isa = PBXGroup;
			children = (
				99C448F5247BD61800878DD4 /* .swiftlint.yml */,
				9923A651246AD6A3009A1B6B /* README.md */,
				9923A61D2469E50C009A1B6B /* Covid-19 */,
				9923A6372469E513009A1B6B /* Covid-19Tests */,
				9923A6422469E513009A1B6B /* Covid-19UITests */,
				9923A61C2469E50C009A1B6B /* Products */,
				51CD1FBAA6561FDC4FE37522 /* Pods */,
				1D9B345CA7BAD24CC5B0B430 /* Frameworks */,
			);
			sourceTree = "<group>";
		};
		9923A61C2469E50C009A1B6B /* Products */ = {
			isa = PBXGroup;
			children = (
				9923A61B2469E50C009A1B6B /* Covid-19.app */,
				9923A6342469E512009A1B6B /* Covid-19Tests.xctest */,
				9923A63F2469E513009A1B6B /* Covid-19UITests.xctest */,
			);
			name = Products;
			sourceTree = "<group>";
		};
		9923A61D2469E50C009A1B6B /* Covid-19 */ = {
			isa = PBXGroup;
			children = (
				9923A61E2469E50C009A1B6B /* AppDelegate.swift */,
				99BE59F624FFED67005268CF /* Models */,
				9997A43D247814CB00FB50EF /* DataManager */,
				9944F5DA247710EE000CD576 /* Services */,
				99D0EC8524E80BDA00E246A9 /* UI */,
				9923A62A2469E512009A1B6B /* Assets.xcassets */,
				9923A62F2469E512009A1B6B /* Info.plist */,
				99D0EC8824E8457A00E246A9 /* Launch Screen.storyboard */,
				9923A6272469E50C009A1B6B /* Covid_19.xcdatamodeld */,
			);
			path = "Covid-19";
			sourceTree = "<group>";
		};
		9923A6372469E513009A1B6B /* Covid-19Tests */ = {
			isa = PBXGroup;
			children = (
				9923A63A2469E513009A1B6B /* Info.plist */,
				9944F5D124770C1A000CD576 /* CaseUpdateTest.swift */,
				9997A43B24771BD800FB50EF /* TodaysDateServiceTest.swift */,
				9997A44324781DFF00FB50EF /* FakeLocalDataManagerTest.swift */,
				99C448FB247C599900878DD4 /* SelectCountryServiceTest.swift */,
				99767A6D24E317ED0073D535 /* DataResponseDTOTests.swift */,
				99767A6F24E31D4B0073D535 /* CovidResponseDTOTests.swift */,
				9913CBFA24E32B1A00510114 /* DataSetResponseDTOTests.swift */,
			);
			path = "Covid-19Tests";
			sourceTree = "<group>";
		};
		9923A6422469E513009A1B6B /* Covid-19UITests */ = {
			isa = PBXGroup;
			children = (
				9923A6432469E513009A1B6B /* Covid_19UITests.swift */,
				9923A6452469E513009A1B6B /* Info.plist */,
			);
			path = "Covid-19UITests";
			sourceTree = "<group>";
		};
		9931EA1224CA21BE0096646D /* DesignSystem */ = {
			isa = PBXGroup;
			children = (
				9931EA1424CA21E90096646D /* DesignSystem.swift */,
				9931EA1324CA21CA0096646D /* Elements */,
			);
			path = DesignSystem;
			sourceTree = "<group>";
		};
		9931EA1324CA21CA0096646D /* Elements */ = {
			isa = PBXGroup;
			children = (
				9931EA1824CA223D0096646D /* DesignSystem+Title.swift */,
				9931EA1A24CA2C120096646D /* DesignSystem+Button.swift */,
				9923910E2507D7BC00C68769 /* DesignSystem+SymptomsCard.swift */,
			);
			path = Elements;
			sourceTree = "<group>";
		};
		9944F5DA247710EE000CD576 /* Services */ = {
			isa = PBXGroup;
			children = (
				99C448F9247C3F0000878DD4 /* SelectCountryService.swift */,
				9944F5DB247710F7000CD576 /* Time */,
			);
			path = Services;
			sourceTree = "<group>";
		};
		9944F5DB247710F7000CD576 /* Time */ = {
			isa = PBXGroup;
			children = (
				9944F5DE24771114000CD576 /* TodaysDateService.swift */,
			);
			path = Time;
			sourceTree = "<group>";
		};
		9997A43D247814CB00FB50EF /* DataManager */ = {
			isa = PBXGroup;
			children = (
				99D0EC7D24E808DE00E246A9 /* FakeDataManager */,
				9913CBFC24E32E6300510114 /* owid-covid-data */,
				9997A43E247814DA00FB50EF /* DataManager.swift */,
			);
			path = DataManager;
			sourceTree = "<group>";
		};
		99BE59F624FFED67005268CF /* Models */ = {
			isa = PBXGroup;
			children = (
				9944F5D424770D72000CD576 /* CaseUpdateModel.swift */,
			);
			path = Models;
			sourceTree = "<group>";
		};
		99D0EC7D24E808DE00E246A9 /* FakeDataManager */ = {
			isa = PBXGroup;
			children = (
				9997A4402478156900FB50EF /* FakeLocalDataManager.swift */,
				9997A4422478165800FB50EF /* FakeData.json */,
			);
			path = FakeDataManager;
			sourceTree = "<group>";
		};
		99D0EC8524E80BDA00E246A9 /* UI */ = {
			isa = PBXGroup;
			children = (
				99D0EC8724E80C1500E246A9 /* Atoms */,
				99D0EC8624E80BFA00E246A9 /* Molecules */,
				9923910B2507B20400C68769 /* Screens */,
			);
			path = UI;
			sourceTree = "<group>";
		};
		99D0EC8624E80BFA00E246A9 /* Molecules */ = {
			isa = PBXGroup;
			children = (
				99BE59EE24FD8863005268CF /* SpreadOfVirusView.swift */,
				99BE59F224FEAD38005268CF /* CountryPickerView.swift */,
				99BE59F024FEA4F6005268CF /* TopImageBannerView.swift */,
				9984AEFD24FBEAED00CC0340 /* CaseUpdateView.swift */,
				99BE59EA24FD7EAA005268CF /* NumberView.swift */,
				99BE59EC24FD7EE0005268CF /* CircleCaseUpdateView.swift */,
			);
			path = Molecules;
			sourceTree = "<group>";
		};
		99D0EC8724E80C1500E246A9 /* Atoms */ = {
			isa = PBXGroup;
			children = (
				9931EA1224CA21BE0096646D /* DesignSystem */,
			);
			path = Atoms;
			sourceTree = "<group>";
		};
/* End PBXGroup section */

/* Begin PBXNativeTarget section */
		9923A61A2469E50C009A1B6B /* Covid-19 */ = {
			isa = PBXNativeTarget;
			buildConfigurationList = 9923A6482469E513009A1B6B /* Build configuration list for PBXNativeTarget "Covid-19" */;
			buildPhases = (
				19CF8788FDBB79AA0491DC7C /* [CP] Check Pods Manifest.lock */,
				9923A6172469E50C009A1B6B /* Sources */,
				9923A6182469E50C009A1B6B /* Frameworks */,
				9923A6192469E50C009A1B6B /* Resources */,
				0F4450B88CF2EE319E91F586 /* [CP] Embed Pods Frameworks */,
				99C448F1247BD50300878DD4 /* SwiftLint */,
				44AA8656356A2F0A1C25499E /* [CP] Copy Pods Resources */,
			);
			buildRules = (
			);
			dependencies = (
			);
			name = "Covid-19";
			productName = "Covid-19";
			productReference = 9923A61B2469E50C009A1B6B /* Covid-19.app */;
			productType = "com.apple.product-type.application";
		};
		9923A6332469E512009A1B6B /* Covid-19Tests */ = {
			isa = PBXNativeTarget;
			buildConfigurationList = 9923A64B2469E513009A1B6B /* Build configuration list for PBXNativeTarget "Covid-19Tests" */;
			buildPhases = (
				F5EC6CBF9CA28B854D69E589 /* [CP] Check Pods Manifest.lock */,
				9923A6302469E512009A1B6B /* Sources */,
				9923A6312469E512009A1B6B /* Frameworks */,
				9923A6322469E512009A1B6B /* Resources */,
			);
			buildRules = (
			);
			dependencies = (
				9923A6362469E512009A1B6B /* PBXTargetDependency */,
			);
			name = "Covid-19Tests";
			productName = "Covid-19Tests";
			productReference = 9923A6342469E512009A1B6B /* Covid-19Tests.xctest */;
			productType = "com.apple.product-type.bundle.unit-test";
		};
		9923A63E2469E513009A1B6B /* Covid-19UITests */ = {
			isa = PBXNativeTarget;
			buildConfigurationList = 9923A64E2469E513009A1B6B /* Build configuration list for PBXNativeTarget "Covid-19UITests" */;
			buildPhases = (
				D5A23B45D6ACC635D3EE766F /* [CP] Check Pods Manifest.lock */,
				9923A63B2469E513009A1B6B /* Sources */,
				9923A63C2469E513009A1B6B /* Frameworks */,
				9923A63D2469E513009A1B6B /* Resources */,
				88348437FBC0E458FAEF1AE6 /* [CP] Embed Pods Frameworks */,
				3FE109D572A134EC05775682 /* [CP] Copy Pods Resources */,
			);
			buildRules = (
			);
			dependencies = (
				9923A6412469E513009A1B6B /* PBXTargetDependency */,
			);
			name = "Covid-19UITests";
			productName = "Covid-19UITests";
			productReference = 9923A63F2469E513009A1B6B /* Covid-19UITests.xctest */;
			productType = "com.apple.product-type.bundle.ui-testing";
		};
/* End PBXNativeTarget section */

/* Begin PBXProject section */
		9923A6132469E50C009A1B6B /* Project object */ = {
			isa = PBXProject;
			attributes = {
				LastSwiftUpdateCheck = 1130;
				LastUpgradeCheck = 1130;
				ORGANIZATIONNAME = "eldin smakic";
				TargetAttributes = {
					9923A61A2469E50C009A1B6B = {
						CreatedOnToolsVersion = 11.3;
					};
					9923A6332469E512009A1B6B = {
						CreatedOnToolsVersion = 11.3;
						TestTargetID = 9923A61A2469E50C009A1B6B;
					};
					9923A63E2469E513009A1B6B = {
						CreatedOnToolsVersion = 11.3;
						TestTargetID = 9923A61A2469E50C009A1B6B;
					};
				};
			};
			buildConfigurationList = 9923A6162469E50C009A1B6B /* Build configuration list for PBXProject "Covid-19" */;
			compatibilityVersion = "Xcode 9.3";
			developmentRegion = en;
			hasScannedForEncodings = 0;
			knownRegions = (
				en,
				Base,
			);
			mainGroup = 9923A6122469E50C009A1B6B;
			productRefGroup = 9923A61C2469E50C009A1B6B /* Products */;
			projectDirPath = "";
			projectRoot = "";
			targets = (
				9923A61A2469E50C009A1B6B /* Covid-19 */,
				9923A6332469E512009A1B6B /* Covid-19Tests */,
				9923A63E2469E513009A1B6B /* Covid-19UITests */,
			);
		};
/* End PBXProject section */

/* Begin PBXResourcesBuildPhase section */
		9923A6192469E50C009A1B6B /* Resources */ = {
			isa = PBXResourcesBuildPhase;
			buildActionMask = 2147483647;
			files = (
				99D0EC8924E8457A00E246A9 /* Launch Screen.storyboard in Resources */,
				99B9891C24FC242800406760 /* localData.json in Resources */,
				9923A62B2469E512009A1B6B /* Assets.xcassets in Resources */,
				99C448F6247BD61800878DD4 /* .swiftlint.yml in Resources */,
				9923A652246AD6A3009A1B6B /* README.md in Resources */,
				9923621424791A8E009A7DAC /* FakeData.json in Resources */,
			);
			runOnlyForDeploymentPostprocessing = 0;
		};
		9923A6322469E512009A1B6B /* Resources */ = {
			isa = PBXResourcesBuildPhase;
			buildActionMask = 2147483647;
			files = (
				9923621524791AB8009A7DAC /* FakeData.json in Resources */,
			);
			runOnlyForDeploymentPostprocessing = 0;
		};
		9923A63D2469E513009A1B6B /* Resources */ = {
			isa = PBXResourcesBuildPhase;
			buildActionMask = 2147483647;
			files = (
				9923621624791BD0009A7DAC /* FakeData.json in Resources */,
			);
			runOnlyForDeploymentPostprocessing = 0;
		};
/* End PBXResourcesBuildPhase section */

/* Begin PBXShellScriptBuildPhase section */
		0F4450B88CF2EE319E91F586 /* [CP] Embed Pods Frameworks */ = {
			isa = PBXShellScriptBuildPhase;
			buildActionMask = 2147483647;
			files = (
			);
			inputFileListPaths = (
				"${PODS_ROOT}/Target Support Files/Pods-Covid-19/Pods-Covid-19-frameworks-${CONFIGURATION}-input-files.xcfilelist",
			);
			name = "[CP] Embed Pods Frameworks";
			outputFileListPaths = (
				"${PODS_ROOT}/Target Support Files/Pods-Covid-19/Pods-Covid-19-frameworks-${CONFIGURATION}-output-files.xcfilelist",
			);
			runOnlyForDeploymentPostprocessing = 0;
			shellPath = /bin/sh;
			shellScript = "\"${PODS_ROOT}/Target Support Files/Pods-Covid-19/Pods-Covid-19-frameworks.sh\"\n";
			showEnvVarsInLog = 0;
		};
		19CF8788FDBB79AA0491DC7C /* [CP] Check Pods Manifest.lock */ = {
			isa = PBXShellScriptBuildPhase;
			buildActionMask = 2147483647;
			files = (
			);
			inputFileListPaths = (
			);
			inputPaths = (
				"${PODS_PODFILE_DIR_PATH}/Podfile.lock",
				"${PODS_ROOT}/Manifest.lock",
			);
			name = "[CP] Check Pods Manifest.lock";
			outputFileListPaths = (
			);
			outputPaths = (
				"$(DERIVED_FILE_DIR)/Pods-Covid-19-checkManifestLockResult.txt",
			);
			runOnlyForDeploymentPostprocessing = 0;
			shellPath = /bin/sh;
			shellScript = "diff \"${PODS_PODFILE_DIR_PATH}/Podfile.lock\" \"${PODS_ROOT}/Manifest.lock\" > /dev/null\nif [ $? != 0 ] ; then\n    # print error to STDERR\n    echo \"error: The sandbox is not in sync with the Podfile.lock. Run 'pod install' or update your CocoaPods installation.\" >&2\n    exit 1\nfi\n# This output is used by Xcode 'outputs' to avoid re-running this script phase.\necho \"SUCCESS\" > \"${SCRIPT_OUTPUT_FILE_0}\"\n";
			showEnvVarsInLog = 0;
		};
		3FE109D572A134EC05775682 /* [CP] Copy Pods Resources */ = {
			isa = PBXShellScriptBuildPhase;
			buildActionMask = 2147483647;
			files = (
			);
			inputFileListPaths = (
				"${PODS_ROOT}/Target Support Files/Pods-Covid-19-Covid-19UITests/Pods-Covid-19-Covid-19UITests-resources-${CONFIGURATION}-input-files.xcfilelist",
			);
			name = "[CP] Copy Pods Resources";
			outputFileListPaths = (
				"${PODS_ROOT}/Target Support Files/Pods-Covid-19-Covid-19UITests/Pods-Covid-19-Covid-19UITests-resources-${CONFIGURATION}-output-files.xcfilelist",
			);
			runOnlyForDeploymentPostprocessing = 0;
			shellPath = /bin/sh;
			shellScript = "\"${PODS_ROOT}/Target Support Files/Pods-Covid-19-Covid-19UITests/Pods-Covid-19-Covid-19UITests-resources.sh\"\n";
			showEnvVarsInLog = 0;
		};
		44AA8656356A2F0A1C25499E /* [CP] Copy Pods Resources */ = {
			isa = PBXShellScriptBuildPhase;
			buildActionMask = 2147483647;
			files = (
			);
			inputFileListPaths = (
				"${PODS_ROOT}/Target Support Files/Pods-Covid-19/Pods-Covid-19-resources-${CONFIGURATION}-input-files.xcfilelist",
			);
			name = "[CP] Copy Pods Resources";
			outputFileListPaths = (
				"${PODS_ROOT}/Target Support Files/Pods-Covid-19/Pods-Covid-19-resources-${CONFIGURATION}-output-files.xcfilelist",
			);
			runOnlyForDeploymentPostprocessing = 0;
			shellPath = /bin/sh;
			shellScript = "\"${PODS_ROOT}/Target Support Files/Pods-Covid-19/Pods-Covid-19-resources.sh\"\n";
			showEnvVarsInLog = 0;
		};
		88348437FBC0E458FAEF1AE6 /* [CP] Embed Pods Frameworks */ = {
			isa = PBXShellScriptBuildPhase;
			buildActionMask = 2147483647;
			files = (
			);
			inputFileListPaths = (
				"${PODS_ROOT}/Target Support Files/Pods-Covid-19-Covid-19UITests/Pods-Covid-19-Covid-19UITests-frameworks-${CONFIGURATION}-input-files.xcfilelist",
			);
			name = "[CP] Embed Pods Frameworks";
			outputFileListPaths = (
				"${PODS_ROOT}/Target Support Files/Pods-Covid-19-Covid-19UITests/Pods-Covid-19-Covid-19UITests-frameworks-${CONFIGURATION}-output-files.xcfilelist",
			);
			runOnlyForDeploymentPostprocessing = 0;
			shellPath = /bin/sh;
			shellScript = "\"${PODS_ROOT}/Target Support Files/Pods-Covid-19-Covid-19UITests/Pods-Covid-19-Covid-19UITests-frameworks.sh\"\n";
			showEnvVarsInLog = 0;
		};
		99C448F1247BD50300878DD4 /* SwiftLint */ = {
			isa = PBXShellScriptBuildPhase;
			buildActionMask = 2147483647;
			files = (
			);
			inputFileListPaths = (
			);
			inputPaths = (
			);
			name = SwiftLint;
			outputFileListPaths = (
			);
			outputPaths = (
			);
			runOnlyForDeploymentPostprocessing = 0;
			shellPath = /bin/sh;
			shellScript = "if which swiftlint >/dev/null; then\n  swiftlint\nelse\n  echo \"warning: SwiftLint not installed, download from https://github.com/realm/SwiftLint\"\nfi\n";
		};
		D5A23B45D6ACC635D3EE766F /* [CP] Check Pods Manifest.lock */ = {
			isa = PBXShellScriptBuildPhase;
			buildActionMask = 2147483647;
			files = (
			);
			inputFileListPaths = (
			);
			inputPaths = (
				"${PODS_PODFILE_DIR_PATH}/Podfile.lock",
				"${PODS_ROOT}/Manifest.lock",
			);
			name = "[CP] Check Pods Manifest.lock";
			outputFileListPaths = (
			);
			outputPaths = (
				"$(DERIVED_FILE_DIR)/Pods-Covid-19-Covid-19UITests-checkManifestLockResult.txt",
			);
			runOnlyForDeploymentPostprocessing = 0;
			shellPath = /bin/sh;
			shellScript = "diff \"${PODS_PODFILE_DIR_PATH}/Podfile.lock\" \"${PODS_ROOT}/Manifest.lock\" > /dev/null\nif [ $? != 0 ] ; then\n    # print error to STDERR\n    echo \"error: The sandbox is not in sync with the Podfile.lock. Run 'pod install' or update your CocoaPods installation.\" >&2\n    exit 1\nfi\n# This output is used by Xcode 'outputs' to avoid re-running this script phase.\necho \"SUCCESS\" > \"${SCRIPT_OUTPUT_FILE_0}\"\n";
			showEnvVarsInLog = 0;
		};
		F5EC6CBF9CA28B854D69E589 /* [CP] Check Pods Manifest.lock */ = {
			isa = PBXShellScriptBuildPhase;
			buildActionMask = 2147483647;
			files = (
			);
			inputFileListPaths = (
			);
			inputPaths = (
				"${PODS_PODFILE_DIR_PATH}/Podfile.lock",
				"${PODS_ROOT}/Manifest.lock",
			);
			name = "[CP] Check Pods Manifest.lock";
			outputFileListPaths = (
			);
			outputPaths = (
				"$(DERIVED_FILE_DIR)/Pods-Covid-19Tests-checkManifestLockResult.txt",
			);
			runOnlyForDeploymentPostprocessing = 0;
			shellPath = /bin/sh;
			shellScript = "diff \"${PODS_PODFILE_DIR_PATH}/Podfile.lock\" \"${PODS_ROOT}/Manifest.lock\" > /dev/null\nif [ $? != 0 ] ; then\n    # print error to STDERR\n    echo \"error: The sandbox is not in sync with the Podfile.lock. Run 'pod install' or update your CocoaPods installation.\" >&2\n    exit 1\nfi\n# This output is used by Xcode 'outputs' to avoid re-running this script phase.\necho \"SUCCESS\" > \"${SCRIPT_OUTPUT_FILE_0}\"\n";
			showEnvVarsInLog = 0;
		};
/* End PBXShellScriptBuildPhase section */

/* Begin PBXSourcesBuildPhase section */
		9923A6172469E50C009A1B6B /* Sources */ = {
			isa = PBXSourcesBuildPhase;
			buildActionMask = 2147483647;
			files = (
				99767A6A24E315D00073D535 /* CovidResponseDTO.swift in Sources */,
				99BE59F324FEAD38005268CF /* CountryPickerView.swift in Sources */,
				99BE59EB24FD7EAA005268CF /* NumberView.swift in Sources */,
				9944F5D524770D72000CD576 /* CaseUpdateModel.swift in Sources */,
				9923A61F2469E50C009A1B6B /* AppDelegate.swift in Sources */,
				9931EA1B24CA2C130096646D /* DesignSystem+Button.swift in Sources */,
				9923910F2507D7BC00C68769 /* DesignSystem+SymptomsCard.swift in Sources */,
				99BE59F524FFDF43005268CF /* MainView.swift in Sources */,
				99BE59EF24FD8863005268CF /* SpreadOfVirusView.swift in Sources */,
				9997A43F247814DA00FB50EF /* DataManager.swift in Sources */,
				99767A6C24E316A00073D535 /* DataResponseDTO.swift in Sources */,
				9931EA1524CA21E90096646D /* DesignSystem.swift in Sources */,
				9997A4412478156900FB50EF /* FakeLocalDataManager.swift in Sources */,
				9931EA1924CA223D0096646D /* DesignSystem+Title.swift in Sources */,
				9913CBFF24E3334000510114 /* OwidDataManager.swift in Sources */,
				9923A6292469E50C009A1B6B /* Covid_19.xcdatamodeld in Sources */,
				99C448FA247C3F0000878DD4 /* SelectCountryService.swift in Sources */,
				99BE59F124FEA4F6005268CF /* TopImageBannerView.swift in Sources */,
				9944F5DF24771114000CD576 /* TodaysDateService.swift in Sources */,
				9923910D2507D21300C68769 /* InfosAboutCovid.swift in Sources */,
				9984AEFE24FBEAED00CC0340 /* CaseUpdateView.swift in Sources */,
				99BE59ED24FD7EE0005268CF /* CircleCaseUpdateView.swift in Sources */,
			);
			runOnlyForDeploymentPostprocessing = 0;
		};
		9923A6302469E512009A1B6B /* Sources */ = {
			isa = PBXSourcesBuildPhase;
			buildActionMask = 2147483647;
			files = (
				9997A44424781DFF00FB50EF /* FakeLocalDataManagerTest.swift in Sources */,
				9997A43C24771BD800FB50EF /* TodaysDateServiceTest.swift in Sources */,
				99C448FC247C599900878DD4 /* SelectCountryServiceTest.swift in Sources */,
				9913CBFB24E32B1A00510114 /* DataSetResponseDTOTests.swift in Sources */,
				9944F5D224770C1A000CD576 /* CaseUpdateTest.swift in Sources */,
				99767A7024E31D4B0073D535 /* CovidResponseDTOTests.swift in Sources */,
				99767A6E24E317ED0073D535 /* DataResponseDTOTests.swift in Sources */,
			);
			runOnlyForDeploymentPostprocessing = 0;
		};
		9923A63B2469E513009A1B6B /* Sources */ = {
			isa = PBXSourcesBuildPhase;
			buildActionMask = 2147483647;
			files = (
				9923A6442469E513009A1B6B /* Covid_19UITests.swift in Sources */,
			);
			runOnlyForDeploymentPostprocessing = 0;
		};
/* End PBXSourcesBuildPhase section */

/* Begin PBXTargetDependency section */
		9923A6362469E512009A1B6B /* PBXTargetDependency */ = {
			isa = PBXTargetDependency;
			target = 9923A61A2469E50C009A1B6B /* Covid-19 */;
			targetProxy = 9923A6352469E512009A1B6B /* PBXContainerItemProxy */;
		};
		9923A6412469E513009A1B6B /* PBXTargetDependency */ = {
			isa = PBXTargetDependency;
			target = 9923A61A2469E50C009A1B6B /* Covid-19 */;
			targetProxy = 9923A6402469E513009A1B6B /* PBXContainerItemProxy */;
		};
/* End PBXTargetDependency section */

/* Begin XCBuildConfiguration section */
		9923A6462469E513009A1B6B /* Debug */ = {
			isa = XCBuildConfiguration;
			buildSettings = {
				ALWAYS_SEARCH_USER_PATHS = NO;
				CLANG_ANALYZER_NONNULL = YES;
				CLANG_ANALYZER_NUMBER_OBJECT_CONVERSION = YES_AGGRESSIVE;
				CLANG_CXX_LANGUAGE_STANDARD = "gnu++14";
				CLANG_CXX_LIBRARY = "libc++";
				CLANG_ENABLE_MODULES = YES;
				CLANG_ENABLE_OBJC_ARC = YES;
				CLANG_ENABLE_OBJC_WEAK = YES;
				CLANG_WARN_BLOCK_CAPTURE_AUTORELEASING = YES;
				CLANG_WARN_BOOL_CONVERSION = YES;
				CLANG_WARN_COMMA = YES;
				CLANG_WARN_CONSTANT_CONVERSION = YES;
				CLANG_WARN_DEPRECATED_OBJC_IMPLEMENTATIONS = YES;
				CLANG_WARN_DIRECT_OBJC_ISA_USAGE = YES_ERROR;
				CLANG_WARN_DOCUMENTATION_COMMENTS = YES;
				CLANG_WARN_EMPTY_BODY = YES;
				CLANG_WARN_ENUM_CONVERSION = YES;
				CLANG_WARN_INFINITE_RECURSION = YES;
				CLANG_WARN_INT_CONVERSION = YES;
				CLANG_WARN_NON_LITERAL_NULL_CONVERSION = YES;
				CLANG_WARN_OBJC_IMPLICIT_RETAIN_SELF = YES;
				CLANG_WARN_OBJC_LITERAL_CONVERSION = YES;
				CLANG_WARN_OBJC_ROOT_CLASS = YES_ERROR;
				CLANG_WARN_RANGE_LOOP_ANALYSIS = YES;
				CLANG_WARN_STRICT_PROTOTYPES = YES;
				CLANG_WARN_SUSPICIOUS_MOVE = YES;
				CLANG_WARN_UNGUARDED_AVAILABILITY = YES_AGGRESSIVE;
				CLANG_WARN_UNREACHABLE_CODE = YES;
				CLANG_WARN__DUPLICATE_METHOD_MATCH = YES;
				COPY_PHASE_STRIP = NO;
				DEBUG_INFORMATION_FORMAT = dwarf;
				ENABLE_STRICT_OBJC_MSGSEND = YES;
				ENABLE_TESTABILITY = YES;
				GCC_C_LANGUAGE_STANDARD = gnu11;
				GCC_DYNAMIC_NO_PIC = NO;
				GCC_NO_COMMON_BLOCKS = YES;
				GCC_OPTIMIZATION_LEVEL = 0;
				GCC_PREPROCESSOR_DEFINITIONS = (
					"DEBUG=1",
					"$(inherited)",
				);
				GCC_WARN_64_TO_32_BIT_CONVERSION = YES;
				GCC_WARN_ABOUT_RETURN_TYPE = YES_ERROR;
				GCC_WARN_UNDECLARED_SELECTOR = YES;
				GCC_WARN_UNINITIALIZED_AUTOS = YES_AGGRESSIVE;
				GCC_WARN_UNUSED_FUNCTION = YES;
				GCC_WARN_UNUSED_VARIABLE = YES;
				IPHONEOS_DEPLOYMENT_TARGET = 14.0;
				MTL_ENABLE_DEBUG_INFO = INCLUDE_SOURCE;
				MTL_FAST_MATH = YES;
				ONLY_ACTIVE_ARCH = YES;
				SDKROOT = iphoneos;
				SWIFT_ACTIVE_COMPILATION_CONDITIONS = DEBUG;
				SWIFT_OPTIMIZATION_LEVEL = "-Onone";
			};
			name = Debug;
		};
		9923A6472469E513009A1B6B /* Release */ = {
			isa = XCBuildConfiguration;
			buildSettings = {
				ALWAYS_SEARCH_USER_PATHS = NO;
				CLANG_ANALYZER_NONNULL = YES;
				CLANG_ANALYZER_NUMBER_OBJECT_CONVERSION = YES_AGGRESSIVE;
				CLANG_CXX_LANGUAGE_STANDARD = "gnu++14";
				CLANG_CXX_LIBRARY = "libc++";
				CLANG_ENABLE_MODULES = YES;
				CLANG_ENABLE_OBJC_ARC = YES;
				CLANG_ENABLE_OBJC_WEAK = YES;
				CLANG_WARN_BLOCK_CAPTURE_AUTORELEASING = YES;
				CLANG_WARN_BOOL_CONVERSION = YES;
				CLANG_WARN_COMMA = YES;
				CLANG_WARN_CONSTANT_CONVERSION = YES;
				CLANG_WARN_DEPRECATED_OBJC_IMPLEMENTATIONS = YES;
				CLANG_WARN_DIRECT_OBJC_ISA_USAGE = YES_ERROR;
				CLANG_WARN_DOCUMENTATION_COMMENTS = YES;
				CLANG_WARN_EMPTY_BODY = YES;
				CLANG_WARN_ENUM_CONVERSION = YES;
				CLANG_WARN_INFINITE_RECURSION = YES;
				CLANG_WARN_INT_CONVERSION = YES;
				CLANG_WARN_NON_LITERAL_NULL_CONVERSION = YES;
				CLANG_WARN_OBJC_IMPLICIT_RETAIN_SELF = YES;
				CLANG_WARN_OBJC_LITERAL_CONVERSION = YES;
				CLANG_WARN_OBJC_ROOT_CLASS = YES_ERROR;
				CLANG_WARN_RANGE_LOOP_ANALYSIS = YES;
				CLANG_WARN_STRICT_PROTOTYPES = YES;
				CLANG_WARN_SUSPICIOUS_MOVE = YES;
				CLANG_WARN_UNGUARDED_AVAILABILITY = YES_AGGRESSIVE;
				CLANG_WARN_UNREACHABLE_CODE = YES;
				CLANG_WARN__DUPLICATE_METHOD_MATCH = YES;
				COPY_PHASE_STRIP = NO;
				DEBUG_INFORMATION_FORMAT = "dwarf-with-dsym";
				ENABLE_NS_ASSERTIONS = NO;
				ENABLE_STRICT_OBJC_MSGSEND = YES;
				GCC_C_LANGUAGE_STANDARD = gnu11;
				GCC_NO_COMMON_BLOCKS = YES;
				GCC_WARN_64_TO_32_BIT_CONVERSION = YES;
				GCC_WARN_ABOUT_RETURN_TYPE = YES_ERROR;
				GCC_WARN_UNDECLARED_SELECTOR = YES;
				GCC_WARN_UNINITIALIZED_AUTOS = YES_AGGRESSIVE;
				GCC_WARN_UNUSED_FUNCTION = YES;
				GCC_WARN_UNUSED_VARIABLE = YES;
				IPHONEOS_DEPLOYMENT_TARGET = 14.0;
				MTL_ENABLE_DEBUG_INFO = NO;
				MTL_FAST_MATH = YES;
				SDKROOT = iphoneos;
				SWIFT_COMPILATION_MODE = wholemodule;
				SWIFT_OPTIMIZATION_LEVEL = "-O";
				VALIDATE_PRODUCT = YES;
			};
			name = Release;
		};
		9923A6492469E513009A1B6B /* Debug */ = {
			isa = XCBuildConfiguration;
			baseConfigurationReference = EE12212C7E8DF2146133BC7F /* Pods-Covid-19.debug.xcconfig */;
			buildSettings = {
				ASSETCATALOG_COMPILER_APPICON_NAME = AppIcon;
				CODE_SIGN_STYLE = Automatic;
				DEVELOPMENT_TEAM = PL39FQM22S;
				INFOPLIST_FILE = "Covid-19/Info.plist";
				LD_RUNPATH_SEARCH_PATHS = (
					"$(inherited)",
					"@executable_path/Frameworks",
				);
				PRODUCT_BUNDLE_IDENTIFIER = "com.smakic.eldin.Covid-19";
				PRODUCT_NAME = "$(TARGET_NAME)";
				SWIFT_VERSION = 5.0;
				TARGETED_DEVICE_FAMILY = "1,2";
			};
			name = Debug;
		};
		9923A64A2469E513009A1B6B /* Release */ = {
			isa = XCBuildConfiguration;
			baseConfigurationReference = 2F1428612025CC8AC47DEB64 /* Pods-Covid-19.release.xcconfig */;
			buildSettings = {
				ASSETCATALOG_COMPILER_APPICON_NAME = AppIcon;
				CODE_SIGN_STYLE = Automatic;
				DEVELOPMENT_TEAM = PL39FQM22S;
				INFOPLIST_FILE = "Covid-19/Info.plist";
				LD_RUNPATH_SEARCH_PATHS = (
					"$(inherited)",
					"@executable_path/Frameworks",
				);
				PRODUCT_BUNDLE_IDENTIFIER = "com.smakic.eldin.Covid-19";
				PRODUCT_NAME = "$(TARGET_NAME)";
				SWIFT_VERSION = 5.0;
				TARGETED_DEVICE_FAMILY = "1,2";
			};
			name = Release;
		};
		9923A64C2469E513009A1B6B /* Debug */ = {
			isa = XCBuildConfiguration;
			baseConfigurationReference = DF657AD1F19B39D0586988C8 /* Pods-Covid-19Tests.debug.xcconfig */;
			buildSettings = {
				ALWAYS_EMBED_SWIFT_STANDARD_LIBRARIES = YES;
				BUNDLE_LOADER = "$(TEST_HOST)";
				CODE_SIGN_STYLE = Automatic;
				DEVELOPMENT_TEAM = PL39FQM22S;
				INFOPLIST_FILE = "Covid-19Tests/Info.plist";
				IPHONEOS_DEPLOYMENT_TARGET = 13.2;
				LD_RUNPATH_SEARCH_PATHS = (
					"$(inherited)",
					"@executable_path/Frameworks",
					"@loader_path/Frameworks",
				);
				PRODUCT_BUNDLE_IDENTIFIER = "com.smakic.eldin.Covid-19Tests";
				PRODUCT_NAME = "$(TARGET_NAME)";
				SWIFT_VERSION = 5.0;
				TARGETED_DEVICE_FAMILY = "1,2";
				TEST_HOST = "$(BUILT_PRODUCTS_DIR)/Covid-19.app/Covid-19";
			};
			name = Debug;
		};
		9923A64D2469E513009A1B6B /* Release */ = {
			isa = XCBuildConfiguration;
			baseConfigurationReference = F70AEA3EB8014C90F86B27C5 /* Pods-Covid-19Tests.release.xcconfig */;
			buildSettings = {
				ALWAYS_EMBED_SWIFT_STANDARD_LIBRARIES = YES;
				BUNDLE_LOADER = "$(TEST_HOST)";
				CODE_SIGN_STYLE = Automatic;
				DEVELOPMENT_TEAM = PL39FQM22S;
				INFOPLIST_FILE = "Covid-19Tests/Info.plist";
				IPHONEOS_DEPLOYMENT_TARGET = 13.2;
				LD_RUNPATH_SEARCH_PATHS = (
					"$(inherited)",
					"@executable_path/Frameworks",
					"@loader_path/Frameworks",
				);
				PRODUCT_BUNDLE_IDENTIFIER = "com.smakic.eldin.Covid-19Tests";
				PRODUCT_NAME = "$(TARGET_NAME)";
				SWIFT_VERSION = 5.0;
				TARGETED_DEVICE_FAMILY = "1,2";
				TEST_HOST = "$(BUILT_PRODUCTS_DIR)/Covid-19.app/Covid-19";
			};
			name = Release;
		};
		9923A64F2469E513009A1B6B /* Debug */ = {
			isa = XCBuildConfiguration;
			baseConfigurationReference = 8E8EBEA3C35E847F340F95B7 /* Pods-Covid-19-Covid-19UITests.debug.xcconfig */;
			buildSettings = {
				ALWAYS_EMBED_SWIFT_STANDARD_LIBRARIES = YES;
				CODE_SIGN_STYLE = Automatic;
				DEVELOPMENT_TEAM = PL39FQM22S;
				INFOPLIST_FILE = "Covid-19UITests/Info.plist";
				LD_RUNPATH_SEARCH_PATHS = (
					"$(inherited)",
					"@executable_path/Frameworks",
					"@loader_path/Frameworks",
				);
				PRODUCT_BUNDLE_IDENTIFIER = "com.smakic.eldin.Covid-19UITests";
				PRODUCT_NAME = "$(TARGET_NAME)";
				SWIFT_VERSION = 5.0;
				TARGETED_DEVICE_FAMILY = "1,2";
				TEST_TARGET_NAME = "Covid-19";
			};
			name = Debug;
		};
		9923A6502469E513009A1B6B /* Release */ = {
			isa = XCBuildConfiguration;
			baseConfigurationReference = 2664179D3353A4C2EF64EF95 /* Pods-Covid-19-Covid-19UITests.release.xcconfig */;
			buildSettings = {
				ALWAYS_EMBED_SWIFT_STANDARD_LIBRARIES = YES;
				CODE_SIGN_STYLE = Automatic;
				DEVELOPMENT_TEAM = PL39FQM22S;
				INFOPLIST_FILE = "Covid-19UITests/Info.plist";
				LD_RUNPATH_SEARCH_PATHS = (
					"$(inherited)",
					"@executable_path/Frameworks",
					"@loader_path/Frameworks",
				);
				PRODUCT_BUNDLE_IDENTIFIER = "com.smakic.eldin.Covid-19UITests";
				PRODUCT_NAME = "$(TARGET_NAME)";
				SWIFT_VERSION = 5.0;
				TARGETED_DEVICE_FAMILY = "1,2";
				TEST_TARGET_NAME = "Covid-19";
			};
			name = Release;
		};
/* End XCBuildConfiguration section */

/* Begin XCConfigurationList section */
		9923A6162469E50C009A1B6B /* Build configuration list for PBXProject "Covid-19" */ = {
			isa = XCConfigurationList;
			buildConfigurations = (
				9923A6462469E513009A1B6B /* Debug */,
				9923A6472469E513009A1B6B /* Release */,
			);
			defaultConfigurationIsVisible = 0;
			defaultConfigurationName = Release;
		};
		9923A6482469E513009A1B6B /* Build configuration list for PBXNativeTarget "Covid-19" */ = {
			isa = XCConfigurationList;
			buildConfigurations = (
				9923A6492469E513009A1B6B /* Debug */,
				9923A64A2469E513009A1B6B /* Release */,
			);
			defaultConfigurationIsVisible = 0;
			defaultConfigurationName = Release;
		};
		9923A64B2469E513009A1B6B /* Build configuration list for PBXNativeTarget "Covid-19Tests" */ = {
			isa = XCConfigurationList;
			buildConfigurations = (
				9923A64C2469E513009A1B6B /* Debug */,
				9923A64D2469E513009A1B6B /* Release */,
			);
			defaultConfigurationIsVisible = 0;
			defaultConfigurationName = Release;
		};
		9923A64E2469E513009A1B6B /* Build configuration list for PBXNativeTarget "Covid-19UITests" */ = {
			isa = XCConfigurationList;
			buildConfigurations = (
				9923A64F2469E513009A1B6B /* Debug */,
				9923A6502469E513009A1B6B /* Release */,
			);
			defaultConfigurationIsVisible = 0;
			defaultConfigurationName = Release;
		};
/* End XCConfigurationList section */

/* Begin XCVersionGroup section */
		9923A6272469E50C009A1B6B /* Covid_19.xcdatamodeld */ = {
			isa = XCVersionGroup;
			children = (
				9923A6282469E50C009A1B6B /* Covid_19.xcdatamodel */,
			);
			currentVersion = 9923A6282469E50C009A1B6B /* Covid_19.xcdatamodel */;
			path = Covid_19.xcdatamodeld;
			sourceTree = "<group>";
			versionGroupType = wrapper.xcdatamodel;
		};
/* End XCVersionGroup section */
	};
	rootObject = 9923A6132469E50C009A1B6B /* Project object */;
}
